
Microsoft Visual Studio Solution File, Format Version 12.00
# Visual Studio 15
VisualStudioVersion = 15.0.27130.2010
MinimumVisualStudioVersion = 10.0.40219.1
Project("{FAE04EC0-301F-11D3-BF4B-00C04F79EFBC}") = "helloWorld_new", "helloWorld_new\helloWorld_new.csproj", "{A43E9821-E71A-437A-B58D-46B3FB820A6D}"
EndProject
Global
	GlobalSection(SolutionConfigurationPlatforms) = preSolution
		Debug|Any CPU = Debug|Any CPU
		Release|Any CPU = Release|Any CPU
	EndGlobalSection
	GlobalSection(ProjectConfigurationPlatforms) = postSolution
		{A43E9821-E71A-437A-B58D-46B3FB820A6D}.Debug|Any CPU.ActiveCfg = Debug|Any CPU
		{A43E9821-E71A-437A-B58D-46B3FB820A6D}.Debug|Any CPU.Build.0 = Debug|Any CPU
		{A43E9821-E71A-437A-B58D-46B3FB820A6D}.Release|Any CPU.ActiveCfg = Release|Any CPU
		{A43E9821-E71A-437A-B58D-46B3FB820A6D}.Release|Any CPU.Build.0 = Release|Any CPU
	EndGlobalSection
	GlobalSection(SolutionProperties) = preSolution
		HideSolutionNode = FALSE
	EndGlobalSection
	GlobalSection(ExtensibilityGlobals) = postSolution
		SolutionGuid = {5D29A675-B226-457F-B3FF-E486CFE08BC3}
	EndGlobalSection
EndGlobal
